
Microsoft Visual Studio Solution File, Format Version 12.00
# Visual Studio Version 17
VisualStudioVersion = 17.6.33801.468
MinimumVisualStudioVersion = 10.0.40219.1
Project("{FAE04EC0-301F-11D3-BF4B-00C04F79EFBC}") = "AutomobileLibrary", "AutomobileLibrary\AutomobileLibrary.csproj", "{191BFAE0-90BE-4AB3-85F4-19299508AC06}"
EndProject
Project("{FAE04EC0-301F-11D3-BF4B-00C04F79EFBC}") = "AutomobileWinApp", "AutomobileWinApp\AutomobileWinApp.csproj", "{E5CC8886-9B56-489B-A24E-133E5E0B53C2}"
EndProject
Global
	GlobalSection(SolutionConfigurationPlatforms) = preSolution
		Debug|Any CPU = Debug|Any CPU
		Release|Any CPU = Release|Any CPU
	EndGlobalSection
	GlobalSection(ProjectConfigurationPlatforms) = postSolution
		{191BFAE0-90BE-4AB3-85F4-19299508AC06}.Debug|Any CPU.ActiveCfg = Debug|Any CPU
		{191BFAE0-90BE-4AB3-85F4-19299508AC06}.Debug|Any CPU.Build.0 = Debug|Any CPU
		{191BFAE0-90BE-4AB3-85F4-19299508AC06}.Release|Any CPU.ActiveCfg = Release|Any CPU
		{191BFAE0-90BE-4AB3-85F4-19299508AC06}.Release|Any CPU.Build.0 = Release|Any CPU
		{E5CC8886-9B56-489B-A24E-133E5E0B53C2}.Debug|Any CPU.ActiveCfg = Debug|Any CPU
		{E5CC8886-9B56-489B-A24E-133E5E0B53C2}.Debug|Any CPU.Build.0 = Debug|Any CPU
		{E5CC8886-9B56-489B-A24E-133E5E0B53C2}.Release|Any CPU.ActiveCfg = Release|Any CPU
		{E5CC8886-9B56-489B-A24E-133E5E0B53C2}.Release|Any CPU.Build.0 = Release|Any CPU
	EndGlobalSection
	GlobalSection(SolutionProperties) = preSolution
		HideSolutionNode = FALSE
	EndGlobalSection
	GlobalSection(ExtensibilityGlobals) = postSolution
		SolutionGuid = {FF4AD6D0-B52B-4277-91DA-B5147A80169C}
	EndGlobalSection
EndGlobal
